// !$*UTF8*$!
{
	archiveVersion = 1;
	classes = {
	};
	objectVersion = 50;
	objects = {

/* Begin PBXBuildFile section */
		804C6C2726D2B86100728BFF /* AppDelegate.swift in Sources */ = {isa = PBXBuildFile; fileRef = 804C6C2626D2B86100728BFF /* AppDelegate.swift */; };
		804C6C2926D2B86100728BFF /* SceneDelegate.swift in Sources */ = {isa = PBXBuildFile; fileRef = 804C6C2826D2B86100728BFF /* SceneDelegate.swift */; };
		804C6C2B26D2B86100728BFF /* ViewController.swift in Sources */ = {isa = PBXBuildFile; fileRef = 804C6C2A26D2B86100728BFF /* ViewController.swift */; };
		804C6C2E26D2B86100728BFF /* Main.storyboard in Resources */ = {isa = PBXBuildFile; fileRef = 804C6C2C26D2B86100728BFF /* Main.storyboard */; };
		804C6C3026D2B86400728BFF /* Assets.xcassets in Resources */ = {isa = PBXBuildFile; fileRef = 804C6C2F26D2B86400728BFF /* Assets.xcassets */; };
		804C6C3326D2B86400728BFF /* LaunchScreen.storyboard in Resources */ = {isa = PBXBuildFile; fileRef = 804C6C3126D2B86400728BFF /* LaunchScreen.storyboard */; };
		804C6C4426D2BB4A00728BFF /* cannon.mp3 in Resources */ = {isa = PBXBuildFile; fileRef = 804C6C3D26D2BB4A00728BFF /* cannon.mp3 */; };
		804C6C4526D2BB4A00728BFF /* elise.mp3 in Resources */ = {isa = PBXBuildFile; fileRef = 804C6C3E26D2BB4A00728BFF /* elise.mp3 */; };
		804C6C4626D2BB4A00728BFF /* aria.mp3 in Resources */ = {isa = PBXBuildFile; fileRef = 804C6C3F26D2BB4A00728BFF /* aria.mp3 */; };
		804C6C4726D2BB4A00728BFF /* Beethoven.jpg in Resources */ = {isa = PBXBuildFile; fileRef = 804C6C4126D2BB4A00728BFF /* Beethoven.jpg */; };
		804C6C4826D2BB4A00728BFF /* Pachelbel.jpg in Resources */ = {isa = PBXBuildFile; fileRef = 804C6C4226D2BB4A00728BFF /* Pachelbel.jpg */; };
		804C6C4926D2BB4A00728BFF /* Bach.jpg in Resources */ = {isa = PBXBuildFile; fileRef = 804C6C4326D2BB4A00728BFF /* Bach.jpg */; };
/* End PBXBuildFile section */

/* Begin PBXFileReference section */
		804C6C2326D2B86100728BFF /* TechPod.app */ = {isa = PBXFileReference; explicitFileType = wrapper.application; includeInIndex = 0; path = TechPod.app; sourceTree = BUILT_PRODUCTS_DIR; };
		804C6C2626D2B86100728BFF /* AppDelegate.swift */ = {isa = PBXFileReference; lastKnownFileType = sourcecode.swift; path = AppDelegate.swift; sourceTree = "<group>"; };
		804C6C2826D2B86100728BFF /* SceneDelegate.swift */ = {isa = PBXFileReference; lastKnownFileType = sourcecode.swift; path = SceneDelegate.swift; sourceTree = "<group>"; };
		804C6C2A26D2B86100728BFF /* ViewController.swift */ = {isa = PBXFileReference; lastKnownFileType = sourcecode.swift; path = ViewController.swift; sourceTree = "<group>"; };
		804C6C2D26D2B86100728BFF /* Base */ = {isa = PBXFileReference; lastKnownFileType = file.storyboard; name = Base; path = Base.lproj/Main.storyboard; sourceTree = "<group>"; };
		804C6C2F26D2B86400728BFF /* Assets.xcassets */ = {isa = PBXFileReference; lastKnownFileType = folder.assetcatalog; path = Assets.xcassets; sourceTree = "<group>"; };
		804C6C3226D2B86400728BFF /* Base */ = {isa = PBXFileReference; lastKnownFileType = file.storyboard; name = Base; path = Base.lproj/LaunchScreen.storyboard; sourceTree = "<group>"; };
		804C6C3426D2B86400728BFF /* Info.plist */ = {isa = PBXFileReference; lastKnownFileType = text.plist.xml; path = Info.plist; sourceTree = "<group>"; };
		804C6C3D26D2BB4A00728BFF /* cannon.mp3 */ = {isa = PBXFileReference; lastKnownFileType = audio.mp3; path = cannon.mp3; sourceTree = "<group>"; };
		804C6C3E26D2BB4A00728BFF /* elise.mp3 */ = {isa = PBXFileReference; lastKnownFileType = audio.mp3; path = elise.mp3; sourceTree = "<group>"; };
		804C6C3F26D2BB4A00728BFF /* aria.mp3 */ = {isa = PBXFileReference; lastKnownFileType = audio.mp3; path = aria.mp3; sourceTree = "<group>"; };
		804C6C4126D2BB4A00728BFF /* Beethoven.jpg */ = {isa = PBXFileReference; lastKnownFileType = image.jpeg; path = Beethoven.jpg; sourceTree = "<group>"; };
		804C6C4226D2BB4A00728BFF /* Pachelbel.jpg */ = {isa = PBXFileReference; lastKnownFileType = image.jpeg; path = Pachelbel.jpg; sourceTree = "<group>"; };
		804C6C4326D2BB4A00728BFF /* Bach.jpg */ = {isa = PBXFileReference; lastKnownFileType = image.jpeg; path = Bach.jpg; sourceTree = "<group>"; };
/* End PBXFileReference section */

/* Begin PBXFrameworksBuildPhase section */
		804C6C2026D2B86100728BFF /* Frameworks */ = {
			isa = PBXFrameworksBuildPhase;
			buildActionMask = 2147483647;
			files = (
			);
			runOnlyForDeploymentPostprocessing = 0;
		};
/* End PBXFrameworksBuildPhase section */

/* Begin PBXGroup section */
		804C6C1A26D2B86100728BFF = {
			isa = PBXGroup;
			children = (
				804C6C2526D2B86100728BFF /* TechPod */,
				804C6C2426D2B86100728BFF /* Products */,
			);
			sourceTree = "<group>";
		};
		804C6C2426D2B86100728BFF /* Products */ = {
			isa = PBXGroup;
			children = (
				804C6C2326D2B86100728BFF /* TechPod.app */,
			);
			name = Products;
			sourceTree = "<group>";
		};
		804C6C2526D2B86100728BFF /* TechPod */ = {
			isa = PBXGroup;
			children = (
				804C6C2626D2B86100728BFF /* AppDelegate.swift */,
				804C6C2826D2B86100728BFF /* SceneDelegate.swift */,
				804C6C2A26D2B86100728BFF /* ViewController.swift */,
				804C6C2C26D2B86100728BFF /* Main.storyboard */,
				804C6C2F26D2B86400728BFF /* Assets.xcassets */,
				804C6C3B26D2BB4A00728BFF /* Resources */,
				804C6C3126D2B86400728BFF /* LaunchScreen.storyboard */,
				804C6C3426D2B86400728BFF /* Info.plist */,
			);
			path = TechPod;
			sourceTree = "<group>";
		};
		804C6C3B26D2BB4A00728BFF /* Resources */ = {
			isa = PBXGroup;
			children = (
				804C6C3C26D2BB4A00728BFF /* Songs */,
				804C6C4026D2BB4A00728BFF /* Images */,
			);
			path = Resources;
			sourceTree = "<group>";
		};
		804C6C3C26D2BB4A00728BFF /* Songs */ = {
			isa = PBXGroup;
			children = (
				804C6C3D26D2BB4A00728BFF /* cannon.mp3 */,
				804C6C3E26D2BB4A00728BFF /* elise.mp3 */,
				804C6C3F26D2BB4A00728BFF /* aria.mp3 */,
			);
			path = Songs;
			sourceTree = "<group>";
		};
		804C6C4026D2BB4A00728BFF /* Images */ = {
			isa = PBXGroup;
			children = (
				804C6C4126D2BB4A00728BFF /* Beethoven.jpg */,
				804C6C4226D2BB4A00728BFF /* Pachelbel.jpg */,
				804C6C4326D2BB4A00728BFF /* Bach.jpg */,
			);
			path = Images;
			sourceTree = "<group>";
		};
/* End PBXGroup section */

/* Begin PBXNativeTarget section */
		804C6C2226D2B86100728BFF /* TechPod */ = {
			isa = PBXNativeTarget;
			buildConfigurationList = 804C6C3726D2B86400728BFF /* Build configuration list for PBXNativeTarget "TechPod" */;
			buildPhases = (
				804C6C1F26D2B86100728BFF /* Sources */,
				804C6C2026D2B86100728BFF /* Frameworks */,
				804C6C2126D2B86100728BFF /* Resources */,
			);
			buildRules = (
			);
			dependencies = (
			);
			name = TechPod;
			productName = TechPod;
			productReference = 804C6C2326D2B86100728BFF /* TechPod.app */;
			productType = "com.apple.product-type.application";
		};
/* End PBXNativeTarget section */

/* Begin PBXProject section */
		804C6C1B26D2B86100728BFF /* Project object */ = {
			isa = PBXProject;
			attributes = {
				LastSwiftUpdateCheck = 1230;
				LastUpgradeCheck = 1230;
				TargetAttributes = {
					804C6C2226D2B86100728BFF = {
						CreatedOnToolsVersion = 12.3;
					};
				};
			};
			buildConfigurationList = 804C6C1E26D2B86100728BFF /* Build configuration list for PBXProject "TechPod" */;
			compatibilityVersion = "Xcode 9.3";
			developmentRegion = en;
			hasScannedForEncodings = 0;
			knownRegions = (
				en,
				Base,
			);
			mainGroup = 804C6C1A26D2B86100728BFF;
			productRefGroup = 804C6C2426D2B86100728BFF /* Products */;
			projectDirPath = "";
			projectRoot = "";
			targets = (
				804C6C2226D2B86100728BFF /* TechPod */,
			);
		};
/* End PBXProject section */

/* Begin PBXResourcesBuildPhase section */
		804C6C2126D2B86100728BFF /* Resources */ = {
			isa = PBXResourcesBuildPhase;
			buildActionMask = 2147483647;
			files = (
				804C6C3326D2B86400728BFF /* LaunchScreen.storyboard in Resources */,
				804C6C4426D2BB4A00728BFF /* cannon.mp3 in Resources */,
				804C6C4926D2BB4A00728BFF /* Bach.jpg in Resources */,
				804C6C4526D2BB4A00728BFF /* elise.mp3 in Resources */,
				804C6C3026D2B86400728BFF /* Assets.xcassets in Resources */,
				804C6C4826D2BB4A00728BFF /* Pachelbel.jpg in Resources */,
				804C6C2E26D2B86100728BFF /* Main.storyboard in Resources */,
				804C6C4626D2BB4A00728BFF /* aria.mp3 in Resources */,
				804C6C4726D2BB4A00728BFF /* Beethoven.jpg in Resources */,
			);
			runOnlyForDeploymentPostprocessing = 0;
		};
/* End PBXResourcesBuildPhase section */

/* Begin PBXSourcesBuildPhase section */
		804C6C1F26D2B86100728BFF /* Sources */ = {
			isa = PBXSourcesBuildPhase;
			buildActionMask = 2147483647;
			files = (
				804C6C2B26D2B86100728BFF /* ViewController.swift in Sources */,
				804C6C2726D2B86100728BFF /* AppDelegate.swift in Sources */,
				804C6C2926D2B86100728BFF /* SceneDelegate.swift in Sources */,
			);
			runOnlyForDeploymentPostprocessing = 0;
		};
/* End PBXSourcesBuildPhase section */

/* Begin PBXVariantGroup section */
		804C6C2C26D2B86100728BFF /* Main.storyboard */ = {
			isa = PBXVariantGroup;
			children = (
				804C6C2D26D2B86100728BFF /* Base */,
			);
			name = Main.storyboard;
			sourceTree = "<group>";
		};
		804C6C3126D2B86400728BFF /* LaunchScreen.storyboard */ = {
			isa = PBXVariantGroup;
			children = (
				804C6C3226D2B86400728BFF /* Base */,
			);
			name = LaunchScreen.storyboard;
			sourceTree = "<group>";
		};
/* End PBXVariantGroup section */

/* Begin XCBuildConfiguration section */
		804C6C3526D2B86400728BFF /* Debug */ = {
			isa = XCBuildConfiguration;
			buildSettings = {
				ALWAYS_SEARCH_USER_PATHS = NO;
				CLANG_ANALYZER_NONNULL = YES;
				CLANG_ANALYZER_NUMBER_OBJECT_CONVERSION = YES_AGGRESSIVE;
				CLANG_CXX_LANGUAGE_STANDARD = "gnu++14";
				CLANG_CXX_LIBRARY = "libc++";
				CLANG_ENABLE_MODULES = YES;
				CLANG_ENABLE_OBJC_ARC = YES;
				CLANG_ENABLE_OBJC_WEAK = YES;
				CLANG_WARN_BLOCK_CAPTURE_AUTORELEASING = YES;
				CLANG_WARN_BOOL_CONVERSION = YES;
				CLANG_WARN_COMMA = YES;
				CLANG_WARN_CONSTANT_CONVERSION = YES;
				CLANG_WARN_DEPRECATED_OBJC_IMPLEMENTATIONS = YES;
				CLANG_WARN_DIRECT_OBJC_ISA_USAGE = YES_ERROR;
				CLANG_WARN_DOCUMENTATION_COMMENTS = YES;
				CLANG_WARN_EMPTY_BODY = YES;
				CLANG_WARN_ENUM_CONVERSION = YES;
				CLANG_WARN_INFINITE_RECURSION = YES;
				CLANG_WARN_INT_CONVERSION = YES;
				CLANG_WARN_NON_LITERAL_NULL_CONVERSION = YES;
				CLANG_WARN_OBJC_IMPLICIT_RETAIN_SELF = YES;
				CLANG_WARN_OBJC_LITERAL_CONVERSION = YES;
				CLANG_WARN_OBJC_ROOT_CLASS = YES_ERROR;
				CLANG_WARN_QUOTED_INCLUDE_IN_FRAMEWORK_HEADER = YES;
				CLANG_WARN_RANGE_LOOP_ANALYSIS = YES;
				CLANG_WARN_STRICT_PROTOTYPES = YES;
				CLANG_WARN_SUSPICIOUS_MOVE = YES;
				CLANG_WARN_UNGUARDED_AVAILABILITY = YES_AGGRESSIVE;
				CLANG_WARN_UNREACHABLE_CODE = YES;
				CLANG_WARN__DUPLICATE_METHOD_MATCH = YES;
				COPY_PHASE_STRIP = NO;
				DEBUG_INFORMATION_FORMAT = dwarf;
				ENABLE_STRICT_OBJC_MSGSEND = YES;
				ENABLE_TESTABILITY = YES;
				GCC_C_LANGUAGE_STANDARD = gnu11;
				GCC_DYNAMIC_NO_PIC = NO;
				GCC_NO_COMMON_BLOCKS = YES;
				GCC_OPTIMIZATION_LEVEL = 0;
				GCC_PREPROCESSOR_DEFINITIONS = (
					"DEBUG=1",
					"$(inherited)",
				);
				GCC_WARN_64_TO_32_BIT_CONVERSION = YES;
				GCC_WARN_ABOUT_RETURN_TYPE = YES_ERROR;
				GCC_WARN_UNDECLARED_SELECTOR = YES;
				GCC_WARN_UNINITIALIZED_AUTOS = YES_AGGRESSIVE;
				GCC_WARN_UNUSED_FUNCTION = YES;
				GCC_WARN_UNUSED_VARIABLE = YES;
				IPHONEOS_DEPLOYMENT_TARGET = 14.3;
				MTL_ENABLE_DEBUG_INFO = INCLUDE_SOURCE;
				MTL_FAST_MATH = YES;
				ONLY_ACTIVE_ARCH = YES;
				SDKROOT = iphoneos;
				SWIFT_ACTIVE_COMPILATION_CONDITIONS = DEBUG;
				SWIFT_OPTIMIZATION_LEVEL = "-Onone";
			};
			name = Debug;
		};
		804C6C3626D2B86400728BFF /* Release */ = {
			isa = XCBuildConfiguration;
			buildSettings = {
				ALWAYS_SEARCH_USER_PATHS = NO;
				CLANG_ANALYZER_NONNULL = YES;
				CLANG_ANALYZER_NUMBER_OBJECT_CONVERSION = YES_AGGRESSIVE;
				CLANG_CXX_LANGUAGE_STANDARD = "gnu++14";
				CLANG_CXX_LIBRARY = "libc++";
				CLANG_ENABLE_MODULES = YES;
				CLANG_ENABLE_OBJC_ARC = YES;
				CLANG_ENABLE_OBJC_WEAK = YES;
				CLANG_WARN_BLOCK_CAPTURE_AUTORELEASING = YES;
				CLANG_WARN_BOOL_CONVERSION = YES;
				CLANG_WARN_COMMA = YES;
				CLANG_WARN_CONSTANT_CONVERSION = YES;
				CLANG_WARN_DEPRECATED_OBJC_IMPLEMENTATIONS = YES;
				CLANG_WARN_DIRECT_OBJC_ISA_USAGE = YES_ERROR;
				CLANG_WARN_DOCUMENTATION_COMMENTS = YES;
				CLANG_WARN_EMPTY_BODY = YES;
				CLANG_WARN_ENUM_CONVERSION = YES;
				CLANG_WARN_INFINITE_RECURSION = YES;
				CLANG_WARN_INT_CONVERSION = YES;
				CLANG_WARN_NON_LITERAL_NULL_CONVERSION = YES;
				CLANG_WARN_OBJC_IMPLICIT_RETAIN_SELF = YES;
				CLANG_WARN_OBJC_LITERAL_CONVERSION = YES;
				CLANG_WARN_OBJC_ROOT_CLASS = YES_ERROR;
				CLANG_WARN_QUOTED_INCLUDE_IN_FRAMEWORK_HEADER = YES;
				CLANG_WARN_RANGE_LOOP_ANALYSIS = YES;
				CLANG_WARN_STRICT_PROTOTYPES = YES;
				CLANG_WARN_SUSPICIOUS_MOVE = YES;
				CLANG_WARN_UNGUARDED_AVAILABILITY = YES_AGGRESSIVE;
				CLANG_WARN_UNREACHABLE_CODE = YES;
				CLANG_WARN__DUPLICATE_METHOD_MATCH = YES;
				COPY_PHASE_STRIP = NO;
				DEBUG_INFORMATION_FORMAT = "dwarf-with-dsym";
				ENABLE_NS_ASSERTIONS = NO;
				ENABLE_STRICT_OBJC_MSGSEND = YES;
				GCC_C_LANGUAGE_STANDARD = gnu11;
				GCC_NO_COMMON_BLOCKS = YES;
				GCC_WARN_64_TO_32_BIT_CONVERSION = YES;
				GCC_WARN_ABOUT_RETURN_TYPE = YES_ERROR;
				GCC_WARN_UNDECLARED_SELECTOR = YES;
				GCC_WARN_UNINITIALIZED_AUTOS = YES_AGGRESSIVE;
				GCC_WARN_UNUSED_FUNCTION = YES;
				GCC_WARN_UNUSED_VARIABLE = YES;
				IPHONEOS_DEPLOYMENT_TARGET = 14.3;
				MTL_ENABLE_DEBUG_INFO = NO;
				MTL_FAST_MATH = YES;
				SDKROOT = iphoneos;
				SWIFT_COMPILATION_MODE = wholemodule;
				SWIFT_OPTIMIZATION_LEVEL = "-O";
				VALIDATE_PRODUCT = YES;
			};
			name = Release;
		};
		804C6C3826D2B86400728BFF /* Debug */ = {
			isa = XCBuildConfiguration;
			buildSettings = {
				ASSETCATALOG_COMPILER_APPICON_NAME = AppIcon;
				ASSETCATALOG_COMPILER_GLOBAL_ACCENT_COLOR_NAME = AccentColor;
				CODE_SIGN_STYLE = Automatic;
				DEVELOPMENT_TEAM = 4P6W7GVC6D;
				INFOPLIST_FILE = TechPod/Info.plist;
				LD_RUNPATH_SEARCH_PATHS = (
					"$(inherited)",
					"@executable_path/Frameworks",
				);
				PRODUCT_BUNDLE_IDENTIFIER = com.daisukekawamura.TechPod;
				PRODUCT_NAME = "$(TARGET_NAME)";
				SWIFT_VERSION = 5.0;
				TARGETED_DEVICE_FAMILY = "1,2";
			};
			name = Debug;
		};
		804C6C3926D2B86400728BFF /* Release */ = {
			isa = XCBuildConfiguration;
			buildSettings = {
				ASSETCATALOG_COMPILER_APPICON_NAME = AppIcon;
				ASSETCATALOG_COMPILER_GLOBAL_ACCENT_COLOR_NAME = AccentColor;
				CODE_SIGN_STYLE = Automatic;
				DEVELOPMENT_TEAM = 4P6W7GVC6D;
				INFOPLIST_FILE = TechPod/Info.plist;
				LD_RUNPATH_SEARCH_PATHS = (
					"$(inherited)",
					"@executable_path/Frameworks",
				);
				PRODUCT_BUNDLE_IDENTIFIER = com.daisukekawamura.TechPod;
				PRODUCT_NAME = "$(TARGET_NAME)";
				SWIFT_VERSION = 5.0;
				TARGETED_DEVICE_FAMILY = "1,2";
			};
			name = Release;
		};
/* End XCBuildConfiguration section */

/* Begin XCConfigurationList section */
		804C6C1E26D2B86100728BFF /* Build configuration list for PBXProject "TechPod" */ = {
			isa = XCConfigurationList;
			buildConfigurations = (
				804C6C3526D2B86400728BFF /* Debug */,
				804C6C3626D2B86400728BFF /* Release */,
			);
			defaultConfigurationIsVisible = 0;
			defaultConfigurationName = Release;
		};
		804C6C3726D2B86400728BFF /* Build configuration list for PBXNativeTarget "TechPod" */ = {
			isa = XCConfigurationList;
			buildConfigurations = (
				804C6C3826D2B86400728BFF /* Debug */,
				804C6C3926D2B86400728BFF /* Release */,
			);
			defaultConfigurationIsVisible = 0;
			defaultConfigurationName = Release;
		};
/* End XCConfigurationList section */
	};
	rootObject = 804C6C1B26D2B86100728BFF /* Project object */;
}
